// !$*UTF8*$!
{
	archiveVersion = 1;
	classes = {
	};
	objectVersion = 50;
	objects = {

/* Begin PBXBuildFile section */
		64F2779E25520FAC0074D3DD /* EcommerceMobileAppApp.swift in Sources */ = {isa = PBXBuildFile; fileRef = 64F2779D25520FAC0074D3DD /* EcommerceMobileAppApp.swift */; };
		64F277A025520FAC0074D3DD /* ContentView.swift in Sources */ = {isa = PBXBuildFile; fileRef = 64F2779F25520FAC0074D3DD /* ContentView.swift */; };
		64F277A225520FAF0074D3DD /* Assets.xcassets in Resources */ = {isa = PBXBuildFile; fileRef = 64F277A125520FAF0074D3DD /* Assets.xcassets */; };
		64F277A525520FAF0074D3DD /* Preview Assets.xcassets in Resources */ = {isa = PBXBuildFile; fileRef = 64F277A425520FAF0074D3DD /* Preview Assets.xcassets */; };
		64F277AF255213E00074D3DD /* CustomNavigationView.swift in Sources */ = {isa = PBXBuildFile; fileRef = 64F277AE255213E00074D3DD /* CustomNavigationView.swift */; };
		64F277B3255214FE0074D3DD /* MenuView.swift in Sources */ = {isa = PBXBuildFile; fileRef = 64F277B2255214FE0074D3DD /* MenuView.swift */; };
		64F277B725521C2F0074D3DD /* LatestFavoritesView.swift in Sources */ = {isa = PBXBuildFile; fileRef = 64F277B625521C2F0074D3DD /* LatestFavoritesView.swift */; };
		64F277BA25521EA50074D3DD /* README.md in Resources */ = {isa = PBXBuildFile; fileRef = 64F277B925521EA50074D3DD /* README.md */; };
/* End PBXBuildFile section */

/* Begin PBXFileReference section */
		64F2779A25520FAC0074D3DD /* EcommerceMobileApp.app */ = {isa = PBXFileReference; explicitFileType = wrapper.application; includeInIndex = 0; path = EcommerceMobileApp.app; sourceTree = BUILT_PRODUCTS_DIR; };
		64F2779D25520FAC0074D3DD /* EcommerceMobileAppApp.swift */ = {isa = PBXFileReference; lastKnownFileType = sourcecode.swift; path = EcommerceMobileAppApp.swift; sourceTree = "<group>"; };
		64F2779F25520FAC0074D3DD /* ContentView.swift */ = {isa = PBXFileReference; lastKnownFileType = sourcecode.swift; path = ContentView.swift; sourceTree = "<group>"; };
		64F277A125520FAF0074D3DD /* Assets.xcassets */ = {isa = PBXFileReference; lastKnownFileType = folder.assetcatalog; path = Assets.xcassets; sourceTree = "<group>"; };
		64F277A425520FAF0074D3DD /* Preview Assets.xcassets */ = {isa = PBXFileReference; lastKnownFileType = folder.assetcatalog; path = "Preview Assets.xcassets"; sourceTree = "<group>"; };
		64F277A625520FAF0074D3DD /* Info.plist */ = {isa = PBXFileReference; lastKnownFileType = text.plist.xml; path = Info.plist; sourceTree = "<group>"; };
		64F277AE255213E00074D3DD /* CustomNavigationView.swift */ = {isa = PBXFileReference; lastKnownFileType = sourcecode.swift; path = CustomNavigationView.swift; sourceTree = "<group>"; };
		64F277B2255214FE0074D3DD /* MenuView.swift */ = {isa = PBXFileReference; lastKnownFileType = sourcecode.swift; path = MenuView.swift; sourceTree = "<group>"; };
		64F277B625521C2F0074D3DD /* LatestFavoritesView.swift */ = {isa = PBXFileReference; lastKnownFileType = sourcecode.swift; name = LatestFavoritesView.swift; path = EcommerceMobileApp/LatestFavoritesView.swift; sourceTree = SOURCE_ROOT; };
		64F277B925521EA50074D3DD /* README.md */ = {isa = PBXFileReference; lastKnownFileType = net.daringfireball.markdown; path = README.md; sourceTree = "<group>"; };
/* End PBXFileReference section */

/* Begin PBXFrameworksBuildPhase section */
		64F2779725520FAC0074D3DD /* Frameworks */ = {
			isa = PBXFrameworksBuildPhase;
			buildActionMask = 2147483647;
			files = (
			);
			runOnlyForDeploymentPostprocessing = 0;
		};
/* End PBXFrameworksBuildPhase section */

/* Begin PBXGroup section */
		64F2779125520FAC0074D3DD = {
			isa = PBXGroup;
			children = (
				64F277B925521EA50074D3DD /* README.md */,
				64F2779C25520FAC0074D3DD /* EcommerceMobileApp */,
				64F2779B25520FAC0074D3DD /* Products */,
			);
			sourceTree = "<group>";
		};
		64F2779B25520FAC0074D3DD /* Products */ = {
			isa = PBXGroup;
			children = (
				64F2779A25520FAC0074D3DD /* EcommerceMobileApp.app */,
			);
			name = Products;
			sourceTree = "<group>";
		};
		64F2779C25520FAC0074D3DD /* EcommerceMobileApp */ = {
			isa = PBXGroup;
			children = (
				64F277AD255213BD0074D3DD /* View */,
				64F2779D25520FAC0074D3DD /* EcommerceMobileAppApp.swift */,
				64F2779F25520FAC0074D3DD /* ContentView.swift */,
				64F277A125520FAF0074D3DD /* Assets.xcassets */,
				64F277A625520FAF0074D3DD /* Info.plist */,
				64F277A325520FAF0074D3DD /* Preview Content */,
			);
			path = EcommerceMobileApp;
			sourceTree = "<group>";
		};
		64F277A325520FAF0074D3DD /* Preview Content */ = {
			isa = PBXGroup;
			children = (
				64F277A425520FAF0074D3DD /* Preview Assets.xcassets */,
			);
			path = "Preview Content";
			sourceTree = "<group>";
		};
		64F277AD255213BD0074D3DD /* View */ = {
			isa = PBXGroup;
			children = (
				64F277B625521C2F0074D3DD /* LatestFavoritesView.swift */,
				64F277B2255214FE0074D3DD /* MenuView.swift */,
				64F277AE255213E00074D3DD /* CustomNavigationView.swift */,
			);
			path = View;
			sourceTree = "<group>";
		};
/* End PBXGroup section */

/* Begin PBXNativeTarget section */
		64F2779925520FAC0074D3DD /* EcommerceMobileApp */ = {
			isa = PBXNativeTarget;
			buildConfigurationList = 64F277A925520FAF0074D3DD /* Build configuration list for PBXNativeTarget "EcommerceMobileApp" */;
			buildPhases = (
				64F2779625520FAC0074D3DD /* Sources */,
				64F2779725520FAC0074D3DD /* Frameworks */,
				64F2779825520FAC0074D3DD /* Resources */,
			);
			buildRules = (
			);
			dependencies = (
			);
			name = EcommerceMobileApp;
			productName = EcommerceMobileApp;
			productReference = 64F2779A25520FAC0074D3DD /* EcommerceMobileApp.app */;
			productType = "com.apple.product-type.application";
		};
/* End PBXNativeTarget section */

/* Begin PBXProject section */
		64F2779225520FAC0074D3DD /* Project object */ = {
			isa = PBXProject;
			attributes = {
				LastSwiftUpdateCheck = 1200;
				LastUpgradeCheck = 1200;
				TargetAttributes = {
					64F2779925520FAC0074D3DD = {
						CreatedOnToolsVersion = 12.0.1;
					};
				};
			};
			buildConfigurationList = 64F2779525520FAC0074D3DD /* Build configuration list for PBXProject "EcommerceMobileApp" */;
			compatibilityVersion = "Xcode 9.3";
			developmentRegion = en;
			hasScannedForEncodings = 0;
			knownRegions = (
				en,
				Base,
			);
			mainGroup = 64F2779125520FAC0074D3DD;
			productRefGroup = 64F2779B25520FAC0074D3DD /* Products */;
			projectDirPath = "";
			projectRoot = "";
			targets = (
				64F2779925520FAC0074D3DD /* EcommerceMobileApp */,
			);
		};
/* End PBXProject section */

/* Begin PBXResourcesBuildPhase section */
		64F2779825520FAC0074D3DD /* Resources */ = {
			isa = PBXResourcesBuildPhase;
			buildActionMask = 2147483647;
			files = (
				64F277BA25521EA50074D3DD /* README.md in Resources */,
				64F277A525520FAF0074D3DD /* Preview Assets.xcassets in Resources */,
				64F277A225520FAF0074D3DD /* Assets.xcassets in Resources */,
			);
			runOnlyForDeploymentPostprocessing = 0;
		};
/* End PBXResourcesBuildPhase section */

/* Begin PBXSourcesBuildPhase section */
		64F2779625520FAC0074D3DD /* Sources */ = {
			isa = PBXSourcesBuildPhase;
			buildActionMask = 2147483647;
			files = (
				64F277AF255213E00074D3DD /* CustomNavigationView.swift in Sources */,
				64F277B725521C2F0074D3DD /* LatestFavoritesView.swift in Sources */,
				64F277B3255214FE0074D3DD /* MenuView.swift in Sources */,
				64F277A025520FAC0074D3DD /* ContentView.swift in Sources */,
				64F2779E25520FAC0074D3DD /* EcommerceMobileAppApp.swift in Sources */,
			);
			runOnlyForDeploymentPostprocessing = 0;
		};
/* End PBXSourcesBuildPhase section */

/* Begin XCBuildConfiguration section */
		64F277A725520FAF0074D3DD /* Debug */ = {
			isa = XCBuildConfiguration;
			buildSettings = {
				ALWAYS_SEARCH_USER_PATHS = NO;
				CLANG_ANALYZER_NONNULL = YES;
				CLANG_ANALYZER_NUMBER_OBJECT_CONVERSION = YES_AGGRESSIVE;
				CLANG_CXX_LANGUAGE_STANDARD = "gnu++14";
				CLANG_CXX_LIBRARY = "libc++";
				CLANG_ENABLE_MODULES = YES;
				CLANG_ENABLE_OBJC_ARC = YES;
				CLANG_ENABLE_OBJC_WEAK = YES;
				CLANG_WARN_BLOCK_CAPTURE_AUTORELEASING = YES;
				CLANG_WARN_BOOL_CONVERSION = YES;
				CLANG_WARN_COMMA = YES;
				CLANG_WARN_CONSTANT_CONVERSION = YES;
				CLANG_WARN_DEPRECATED_OBJC_IMPLEMENTATIONS = YES;
				CLANG_WARN_DIRECT_OBJC_ISA_USAGE = YES_ERROR;
				CLANG_WARN_DOCUMENTATION_COMMENTS = YES;
				CLANG_WARN_EMPTY_BODY = YES;
				CLANG_WARN_ENUM_CONVERSION = YES;
				CLANG_WARN_INFINITE_RECURSION = YES;
				CLANG_WARN_INT_CONVERSION = YES;
				CLANG_WARN_NON_LITERAL_NULL_CONVERSION = YES;
				CLANG_WARN_OBJC_IMPLICIT_RETAIN_SELF = YES;
				CLANG_WARN_OBJC_LITERAL_CONVERSION = YES;
				CLANG_WARN_OBJC_ROOT_CLASS = YES_ERROR;
				CLANG_WARN_QUOTED_INCLUDE_IN_FRAMEWORK_HEADER = YES;
				CLANG_WARN_RANGE_LOOP_ANALYSIS = YES;
				CLANG_WARN_STRICT_PROTOTYPES = YES;
				CLANG_WARN_SUSPICIOUS_MOVE = YES;
				CLANG_WARN_UNGUARDED_AVAILABILITY = YES_AGGRESSIVE;
				CLANG_WARN_UNREACHABLE_CODE = YES;
				CLANG_WARN__DUPLICATE_METHOD_MATCH = YES;
				COPY_PHASE_STRIP = NO;
				DEBUG_INFORMATION_FORMAT = dwarf;
				ENABLE_STRICT_OBJC_MSGSEND = YES;
				ENABLE_TESTABILITY = YES;
				GCC_C_LANGUAGE_STANDARD = gnu11;
				GCC_DYNAMIC_NO_PIC = NO;
				GCC_NO_COMMON_BLOCKS = YES;
				GCC_OPTIMIZATION_LEVEL = 0;
				GCC_PREPROCESSOR_DEFINITIONS = (
					"DEBUG=1",
					"$(inherited)",
				);
				GCC_WARN_64_TO_32_BIT_CONVERSION = YES;
				GCC_WARN_ABOUT_RETURN_TYPE = YES_ERROR;
				GCC_WARN_UNDECLARED_SELECTOR = YES;
				GCC_WARN_UNINITIALIZED_AUTOS = YES_AGGRESSIVE;
				GCC_WARN_UNUSED_FUNCTION = YES;
				GCC_WARN_UNUSED_VARIABLE = YES;
				IPHONEOS_DEPLOYMENT_TARGET = 14.0;
				MTL_ENABLE_DEBUG_INFO = INCLUDE_SOURCE;
				MTL_FAST_MATH = YES;
				ONLY_ACTIVE_ARCH = YES;
				SDKROOT = iphoneos;
				SWIFT_ACTIVE_COMPILATION_CONDITIONS = DEBUG;
				SWIFT_OPTIMIZATION_LEVEL = "-Onone";
			};
			name = Debug;
		};
		64F277A825520FAF0074D3DD /* Release */ = {
			isa = XCBuildConfiguration;
			buildSettings = {
				ALWAYS_SEARCH_USER_PATHS = NO;
				CLANG_ANALYZER_NONNULL = YES;
				CLANG_ANALYZER_NUMBER_OBJECT_CONVERSION = YES_AGGRESSIVE;
				CLANG_CXX_LANGUAGE_STANDARD = "gnu++14";
				CLANG_CXX_LIBRARY = "libc++";
				CLANG_ENABLE_MODULES = YES;
				CLANG_ENABLE_OBJC_ARC = YES;
				CLANG_ENABLE_OBJC_WEAK = YES;
				CLANG_WARN_BLOCK_CAPTURE_AUTORELEASING = YES;
				CLANG_WARN_BOOL_CONVERSION = YES;
				CLANG_WARN_COMMA = YES;
				CLANG_WARN_CONSTANT_CONVERSION = YES;
				CLANG_WARN_DEPRECATED_OBJC_IMPLEMENTATIONS = YES;
				CLANG_WARN_DIRECT_OBJC_ISA_USAGE = YES_ERROR;
				CLANG_WARN_DOCUMENTATION_COMMENTS = YES;
				CLANG_WARN_EMPTY_BODY = YES;
				CLANG_WARN_ENUM_CONVERSION = YES;
				CLANG_WARN_INFINITE_RECURSION = YES;
				CLANG_WARN_INT_CONVERSION = YES;
				CLANG_WARN_NON_LITERAL_NULL_CONVERSION = YES;
				CLANG_WARN_OBJC_IMPLICIT_RETAIN_SELF = YES;
				CLANG_WARN_OBJC_LITERAL_CONVERSION = YES;
				CLANG_WARN_OBJC_ROOT_CLASS = YES_ERROR;
				CLANG_WARN_QUOTED_INCLUDE_IN_FRAMEWORK_HEADER = YES;
				CLANG_WARN_RANGE_LOOP_ANALYSIS = YES;
				CLANG_WARN_STRICT_PROTOTYPES = YES;
				CLANG_WARN_SUSPICIOUS_MOVE = YES;
				CLANG_WARN_UNGUARDED_AVAILABILITY = YES_AGGRESSIVE;
				CLANG_WARN_UNREACHABLE_CODE = YES;
				CLANG_WARN__DUPLICATE_METHOD_MATCH = YES;
				COPY_PHASE_STRIP = NO;
				DEBUG_INFORMATION_FORMAT = "dwarf-with-dsym";
				ENABLE_NS_ASSERTIONS = NO;
				ENABLE_STRICT_OBJC_MSGSEND = YES;
				GCC_C_LANGUAGE_STANDARD = gnu11;
				GCC_NO_COMMON_BLOCKS = YES;
				GCC_WARN_64_TO_32_BIT_CONVERSION = YES;
				GCC_WARN_ABOUT_RETURN_TYPE = YES_ERROR;
				GCC_WARN_UNDECLARED_SELECTOR = YES;
				GCC_WARN_UNINITIALIZED_AUTOS = YES_AGGRESSIVE;
				GCC_WARN_UNUSED_FUNCTION = YES;
				GCC_WARN_UNUSED_VARIABLE = YES;
				IPHONEOS_DEPLOYMENT_TARGET = 14.0;
				MTL_ENABLE_DEBUG_INFO = NO;
				MTL_FAST_MATH = YES;
				SDKROOT = iphoneos;
				SWIFT_COMPILATION_MODE = wholemodule;
				SWIFT_OPTIMIZATION_LEVEL = "-O";
				VALIDATE_PRODUCT = YES;
			};
			name = Release;
		};
		64F277AA25520FAF0074D3DD /* Debug */ = {
			isa = XCBuildConfiguration;
			buildSettings = {
				ASSETCATALOG_COMPILER_APPICON_NAME = AppIcon;
				ASSETCATALOG_COMPILER_GLOBAL_ACCENT_COLOR_NAME = AccentColor;
				CODE_SIGN_STYLE = Automatic;
				DEVELOPMENT_ASSET_PATHS = "\"EcommerceMobileApp/Preview Content\"";
				ENABLE_PREVIEWS = YES;
				INFOPLIST_FILE = EcommerceMobileApp/Info.plist;
				IPHONEOS_DEPLOYMENT_TARGET = 14.0;
				LD_RUNPATH_SEARCH_PATHS = (
					"$(inherited)",
					"@executable_path/Frameworks",
				);
				PRODUCT_BUNDLE_IDENTIFIER = io.github.rphlfc.EcommerceMobileApp;
				PRODUCT_NAME = "$(TARGET_NAME)";
				SWIFT_VERSION = 5.0;
				TARGETED_DEVICE_FAMILY = "1,2";
			};
			name = Debug;
		};
		64F277AB25520FAF0074D3DD /* Release */ = {
			isa = XCBuildConfiguration;
			buildSettings = {
				ASSETCATALOG_COMPILER_APPICON_NAME = AppIcon;
				ASSETCATALOG_COMPILER_GLOBAL_ACCENT_COLOR_NAME = AccentColor;
				CODE_SIGN_STYLE = Automatic;
				DEVELOPMENT_ASSET_PATHS = "\"EcommerceMobileApp/Preview Content\"";
				ENABLE_PREVIEWS = YES;
				INFOPLIST_FILE = EcommerceMobileApp/Info.plist;
				IPHONEOS_DEPLOYMENT_TARGET = 14.0;
				LD_RUNPATH_SEARCH_PATHS = (
					"$(inherited)",
					"@executable_path/Frameworks",
				);
				PRODUCT_BUNDLE_IDENTIFIER = io.github.rphlfc.EcommerceMobileApp;
				PRODUCT_NAME = "$(TARGET_NAME)";
				SWIFT_VERSION = 5.0;
				TARGETED_DEVICE_FAMILY = "1,2";
			};
			name = Release;
		};
/* End XCBuildConfiguration section */

/* Begin XCConfigurationList section */
		64F2779525520FAC0074D3DD /* Build configuration list for PBXProject "EcommerceMobileApp" */ = {
			isa = XCConfigurationList;
			buildConfigurations = (
				64F277A725520FAF0074D3DD /* Debug */,
				64F277A825520FAF0074D3DD /* Release */,
			);
			defaultConfigurationIsVisible = 0;
			defaultConfigurationName = Release;
		};
		64F277A925520FAF0074D3DD /* Build configuration list for PBXNativeTarget "EcommerceMobileApp" */ = {
			isa = XCConfigurationList;
			buildConfigurations = (
				64F277AA25520FAF0074D3DD /* Debug */,
				64F277AB25520FAF0074D3DD /* Release */,
			);
			defaultConfigurationIsVisible = 0;
			defaultConfigurationName = Release;
		};
/* End XCConfigurationList section */
	};
	rootObject = 64F2779225520FAC0074D3DD /* Project object */;
}
